// !$*UTF8*$!
{
	archiveVersion = 1;
	classes = {
	};
	objectVersion = 56;
	objects = {

/* Begin PBXBuildFile section */
		A3E99A6328D9B53000E58851 /* AppDelegate.swift in Sources */ = {isa = PBXBuildFile; fileRef = A3E99A6228D9B53000E58851 /* AppDelegate.swift */; };
		A3E99A6528D9B53000E58851 /* SceneDelegate.swift in Sources */ = {isa = PBXBuildFile; fileRef = A3E99A6428D9B53000E58851 /* SceneDelegate.swift */; };
		A3E99A6728D9B53000E58851 /* ViewController.swift in Sources */ = {isa = PBXBuildFile; fileRef = A3E99A6628D9B53000E58851 /* ViewController.swift */; };
		A3E99A6A28D9B53000E58851 /* Main.storyboard in Resources */ = {isa = PBXBuildFile; fileRef = A3E99A6828D9B53000E58851 /* Main.storyboard */; };
		A3E99A6C28D9B53100E58851 /* Assets.xcassets in Resources */ = {isa = PBXBuildFile; fileRef = A3E99A6B28D9B53100E58851 /* Assets.xcassets */; };
		A3E99A6F28D9B53100E58851 /* LaunchScreen.storyboard in Resources */ = {isa = PBXBuildFile; fileRef = A3E99A6D28D9B53100E58851 /* LaunchScreen.storyboard */; };
		A3E99A7A28D9B53100E58851 /* IOS_HW_1Tests.swift in Sources */ = {isa = PBXBuildFile; fileRef = A3E99A7928D9B53100E58851 /* IOS_HW_1Tests.swift */; };
		A3E99A8428D9B53100E58851 /* IOS_HW_1UITests.swift in Sources */ = {isa = PBXBuildFile; fileRef = A3E99A8328D9B53100E58851 /* IOS_HW_1UITests.swift */; };
		A3E99A8628D9B53100E58851 /* IOS_HW_1UITestsLaunchTests.swift in Sources */ = {isa = PBXBuildFile; fileRef = A3E99A8528D9B53100E58851 /* IOS_HW_1UITestsLaunchTests.swift */; };
/* End PBXBuildFile section */

/* Begin PBXContainerItemProxy section */
		A3E99A7628D9B53100E58851 /* PBXContainerItemProxy */ = {
			isa = PBXContainerItemProxy;
			containerPortal = A3E99A5728D9B53000E58851 /* Project object */;
			proxyType = 1;
			remoteGlobalIDString = A3E99A5E28D9B53000E58851;
			remoteInfo = IOS_HW_1;
		};
		A3E99A8028D9B53100E58851 /* PBXContainerItemProxy */ = {
			isa = PBXContainerItemProxy;
			containerPortal = A3E99A5728D9B53000E58851 /* Project object */;
			proxyType = 1;
			remoteGlobalIDString = A3E99A5E28D9B53000E58851;
			remoteInfo = IOS_HW_1;
		};
/* End PBXContainerItemProxy section */

/* Begin PBXFileReference section */
		A3E99A5F28D9B53000E58851 /* IOS_HW_1.app */ = {isa = PBXFileReference; explicitFileType = wrapper.application; includeInIndex = 0; path = IOS_HW_1.app; sourceTree = BUILT_PRODUCTS_DIR; };
		A3E99A6228D9B53000E58851 /* AppDelegate.swift */ = {isa = PBXFileReference; lastKnownFileType = sourcecode.swift; path = AppDelegate.swift; sourceTree = "<group>"; };
		A3E99A6428D9B53000E58851 /* SceneDelegate.swift */ = {isa = PBXFileReference; lastKnownFileType = sourcecode.swift; path = SceneDelegate.swift; sourceTree = "<group>"; };
		A3E99A6628D9B53000E58851 /* ViewController.swift */ = {isa = PBXFileReference; lastKnownFileType = sourcecode.swift; path = ViewController.swift; sourceTree = "<group>"; };
		A3E99A6928D9B53000E58851 /* Base */ = {isa = PBXFileReference; lastKnownFileType = file.storyboard; name = Base; path = Base.lproj/Main.storyboard; sourceTree = "<group>"; };
		A3E99A6B28D9B53100E58851 /* Assets.xcassets */ = {isa = PBXFileReference; lastKnownFileType = folder.assetcatalog; path = Assets.xcassets; sourceTree = "<group>"; };
		A3E99A6E28D9B53100E58851 /* Base */ = {isa = PBXFileReference; lastKnownFileType = file.storyboard; name = Base; path = Base.lproj/LaunchScreen.storyboard; sourceTree = "<group>"; };
		A3E99A7028D9B53100E58851 /* Info.plist */ = {isa = PBXFileReference; lastKnownFileType = text.plist.xml; path = Info.plist; sourceTree = "<group>"; };
		A3E99A7528D9B53100E58851 /* IOS_HW_1Tests.xctest */ = {isa = PBXFileReference; explicitFileType = wrapper.cfbundle; includeInIndex = 0; path = IOS_HW_1Tests.xctest; sourceTree = BUILT_PRODUCTS_DIR; };
		A3E99A7928D9B53100E58851 /* IOS_HW_1Tests.swift */ = {isa = PBXFileReference; lastKnownFileType = sourcecode.swift; path = IOS_HW_1Tests.swift; sourceTree = "<group>"; };
		A3E99A7F28D9B53100E58851 /* IOS_HW_1UITests.xctest */ = {isa = PBXFileReference; explicitFileType = wrapper.cfbundle; includeInIndex = 0; path = IOS_HW_1UITests.xctest; sourceTree = BUILT_PRODUCTS_DIR; };
		A3E99A8328D9B53100E58851 /* IOS_HW_1UITests.swift */ = {isa = PBXFileReference; lastKnownFileType = sourcecode.swift; path = IOS_HW_1UITests.swift; sourceTree = "<group>"; };
		A3E99A8528D9B53100E58851 /* IOS_HW_1UITestsLaunchTests.swift */ = {isa = PBXFileReference; lastKnownFileType = sourcecode.swift; path = IOS_HW_1UITestsLaunchTests.swift; sourceTree = "<group>"; };
/* End PBXFileReference section */

/* Begin PBXFrameworksBuildPhase section */
		A3E99A5C28D9B53000E58851 /* Frameworks */ = {
			isa = PBXFrameworksBuildPhase;
			buildActionMask = 2147483647;
			files = (
			);
			runOnlyForDeploymentPostprocessing = 0;
		};
		A3E99A7228D9B53100E58851 /* Frameworks */ = {
			isa = PBXFrameworksBuildPhase;
			buildActionMask = 2147483647;
			files = (
			);
			runOnlyForDeploymentPostprocessing = 0;
		};
		A3E99A7C28D9B53100E58851 /* Frameworks */ = {
			isa = PBXFrameworksBuildPhase;
			buildActionMask = 2147483647;
			files = (
			);
			runOnlyForDeploymentPostprocessing = 0;
		};
/* End PBXFrameworksBuildPhase section */

/* Begin PBXGroup section */
		A3E99A5628D9B53000E58851 = {
			isa = PBXGroup;
			children = (
				A3E99A6128D9B53000E58851 /* IOS_HW_1 */,
				A3E99A7828D9B53100E58851 /* IOS_HW_1Tests */,
				A3E99A8228D9B53100E58851 /* IOS_HW_1UITests */,
				A3E99A6028D9B53000E58851 /* Products */,
			);
			sourceTree = "<group>";
		};
		A3E99A6028D9B53000E58851 /* Products */ = {
			isa = PBXGroup;
			children = (
				A3E99A5F28D9B53000E58851 /* IOS_HW_1.app */,
				A3E99A7528D9B53100E58851 /* IOS_HW_1Tests.xctest */,
				A3E99A7F28D9B53100E58851 /* IOS_HW_1UITests.xctest */,
			);
			name = Products;
			sourceTree = "<group>";
		};
		A3E99A6128D9B53000E58851 /* IOS_HW_1 */ = {
			isa = PBXGroup;
			children = (
				A3E99A6228D9B53000E58851 /* AppDelegate.swift */,
				A3E99A6428D9B53000E58851 /* SceneDelegate.swift */,
				A3E99A6628D9B53000E58851 /* ViewController.swift */,
				A3E99A6828D9B53000E58851 /* Main.storyboard */,
				A3E99A6B28D9B53100E58851 /* Assets.xcassets */,
				A3E99A6D28D9B53100E58851 /* LaunchScreen.storyboard */,
				A3E99A7028D9B53100E58851 /* Info.plist */,
			);
			path = IOS_HW_1;
			sourceTree = "<group>";
		};
		A3E99A7828D9B53100E58851 /* IOS_HW_1Tests */ = {
			isa = PBXGroup;
			children = (
				A3E99A7928D9B53100E58851 /* IOS_HW_1Tests.swift */,
			);
			path = IOS_HW_1Tests;
			sourceTree = "<group>";
		};
		A3E99A8228D9B53100E58851 /* IOS_HW_1UITests */ = {
			isa = PBXGroup;
			children = (
				A3E99A8328D9B53100E58851 /* IOS_HW_1UITests.swift */,
				A3E99A8528D9B53100E58851 /* IOS_HW_1UITestsLaunchTests.swift */,
			);
			path = IOS_HW_1UITests;
			sourceTree = "<group>";
		};
/* End PBXGroup section */

/* Begin PBXNativeTarget section */
		A3E99A5E28D9B53000E58851 /* IOS_HW_1 */ = {
			isa = PBXNativeTarget;
			buildConfigurationList = A3E99A8928D9B53100E58851 /* Build configuration list for PBXNativeTarget "IOS_HW_1" */;
			buildPhases = (
				A3E99A5B28D9B53000E58851 /* Sources */,
				A3E99A5C28D9B53000E58851 /* Frameworks */,
				A3E99A5D28D9B53000E58851 /* Resources */,
			);
			buildRules = (
			);
			dependencies = (
			);
			name = IOS_HW_1;
			productName = IOS_HW_1;
			productReference = A3E99A5F28D9B53000E58851 /* IOS_HW_1.app */;
			productType = "com.apple.product-type.application";
		};
		A3E99A7428D9B53100E58851 /* IOS_HW_1Tests */ = {
			isa = PBXNativeTarget;
			buildConfigurationList = A3E99A8C28D9B53100E58851 /* Build configuration list for PBXNativeTarget "IOS_HW_1Tests" */;
			buildPhases = (
				A3E99A7128D9B53100E58851 /* Sources */,
				A3E99A7228D9B53100E58851 /* Frameworks */,
				A3E99A7328D9B53100E58851 /* Resources */,
			);
			buildRules = (
			);
			dependencies = (
				A3E99A7728D9B53100E58851 /* PBXTargetDependency */,
			);
			name = IOS_HW_1Tests;
			productName = IOS_HW_1Tests;
			productReference = A3E99A7528D9B53100E58851 /* IOS_HW_1Tests.xctest */;
			productType = "com.apple.product-type.bundle.unit-test";
		};
		A3E99A7E28D9B53100E58851 /* IOS_HW_1UITests */ = {
			isa = PBXNativeTarget;
			buildConfigurationList = A3E99A8F28D9B53100E58851 /* Build configuration list for PBXNativeTarget "IOS_HW_1UITests" */;
			buildPhases = (
				A3E99A7B28D9B53100E58851 /* Sources */,
				A3E99A7C28D9B53100E58851 /* Frameworks */,
				A3E99A7D28D9B53100E58851 /* Resources */,
			);
			buildRules = (
			);
			dependencies = (
				A3E99A8128D9B53100E58851 /* PBXTargetDependency */,
			);
			name = IOS_HW_1UITests;
			productName = IOS_HW_1UITests;
			productReference = A3E99A7F28D9B53100E58851 /* IOS_HW_1UITests.xctest */;
			productType = "com.apple.product-type.bundle.ui-testing";
		};
/* End PBXNativeTarget section */

/* Begin PBXProject section */
		A3E99A5728D9B53000E58851 /* Project object */ = {
			isa = PBXProject;
			attributes = {
				BuildIndependentTargetsInParallel = 1;
				LastSwiftUpdateCheck = 1400;
				LastUpgradeCheck = 1400;
				TargetAttributes = {
					A3E99A5E28D9B53000E58851 = {
						CreatedOnToolsVersion = 14.0;
					};
					A3E99A7428D9B53100E58851 = {
						CreatedOnToolsVersion = 14.0;
						TestTargetID = A3E99A5E28D9B53000E58851;
					};
					A3E99A7E28D9B53100E58851 = {
						CreatedOnToolsVersion = 14.0;
						TestTargetID = A3E99A5E28D9B53000E58851;
					};
				};
			};
			buildConfigurationList = A3E99A5A28D9B53000E58851 /* Build configuration list for PBXProject "IOS_HW_1" */;
			compatibilityVersion = "Xcode 14.0";
			developmentRegion = en;
			hasScannedForEncodings = 0;
			knownRegions = (
				en,
				Base,
			);
			mainGroup = A3E99A5628D9B53000E58851;
			productRefGroup = A3E99A6028D9B53000E58851 /* Products */;
			projectDirPath = "";
			projectRoot = "";
			targets = (
				A3E99A5E28D9B53000E58851 /* IOS_HW_1 */,
				A3E99A7428D9B53100E58851 /* IOS_HW_1Tests */,
				A3E99A7E28D9B53100E58851 /* IOS_HW_1UITests */,
			);
		};
/* End PBXProject section */

/* Begin PBXResourcesBuildPhase section */
		A3E99A5D28D9B53000E58851 /* Resources */ = {
			isa = PBXResourcesBuildPhase;
			buildActionMask = 2147483647;
			files = (
				A3E99A6F28D9B53100E58851 /* LaunchScreen.storyboard in Resources */,
				A3E99A6C28D9B53100E58851 /* Assets.xcassets in Resources */,
				A3E99A6A28D9B53000E58851 /* Main.storyboard in Resources */,
			);
			runOnlyForDeploymentPostprocessing = 0;
		};
		A3E99A7328D9B53100E58851 /* Resources */ = {
			isa = PBXResourcesBuildPhase;
			buildActionMask = 2147483647;
			files = (
			);
			runOnlyForDeploymentPostprocessing = 0;
		};
		A3E99A7D28D9B53100E58851 /* Resources */ = {
			isa = PBXResourcesBuildPhase;
			buildActionMask = 2147483647;
			files = (
			);
			runOnlyForDeploymentPostprocessing = 0;
		};
/* End PBXResourcesBuildPhase section */

/* Begin PBXSourcesBuildPhase section */
		A3E99A5B28D9B53000E58851 /* Sources */ = {
			isa = PBXSourcesBuildPhase;
			buildActionMask = 2147483647;
			files = (
				A3E99A6728D9B53000E58851 /* ViewController.swift in Sources */,
				A3E99A6328D9B53000E58851 /* AppDelegate.swift in Sources */,
				A3E99A6528D9B53000E58851 /* SceneDelegate.swift in Sources */,
			);
			runOnlyForDeploymentPostprocessing = 0;
		};
		A3E99A7128D9B53100E58851 /* Sources */ = {
			isa = PBXSourcesBuildPhase;
			buildActionMask = 2147483647;
			files = (
				A3E99A7A28D9B53100E58851 /* IOS_HW_1Tests.swift in Sources */,
			);
			runOnlyForDeploymentPostprocessing = 0;
		};
		A3E99A7B28D9B53100E58851 /* Sources */ = {
			isa = PBXSourcesBuildPhase;
			buildActionMask = 2147483647;
			files = (
				A3E99A8628D9B53100E58851 /* IOS_HW_1UITestsLaunchTests.swift in Sources */,
				A3E99A8428D9B53100E58851 /* IOS_HW_1UITests.swift in Sources */,
			);
			runOnlyForDeploymentPostprocessing = 0;
		};
/* End PBXSourcesBuildPhase section */

/* Begin PBXTargetDependency section */
		A3E99A7728D9B53100E58851 /* PBXTargetDependency */ = {
			isa = PBXTargetDependency;
			target = A3E99A5E28D9B53000E58851 /* IOS_HW_1 */;
			targetProxy = A3E99A7628D9B53100E58851 /* PBXContainerItemProxy */;
		};
		A3E99A8128D9B53100E58851 /* PBXTargetDependency */ = {
			isa = PBXTargetDependency;
			target = A3E99A5E28D9B53000E58851 /* IOS_HW_1 */;
			targetProxy = A3E99A8028D9B53100E58851 /* PBXContainerItemProxy */;
		};
/* End PBXTargetDependency section */

/* Begin PBXVariantGroup section */
		A3E99A6828D9B53000E58851 /* Main.storyboard */ = {
			isa = PBXVariantGroup;
			children = (
				A3E99A6928D9B53000E58851 /* Base */,
			);
			name = Main.storyboard;
			sourceTree = "<group>";
		};
		A3E99A6D28D9B53100E58851 /* LaunchScreen.storyboard */ = {
			isa = PBXVariantGroup;
			children = (
				A3E99A6E28D9B53100E58851 /* Base */,
			);
			name = LaunchScreen.storyboard;
			sourceTree = "<group>";
		};
/* End PBXVariantGroup section */

/* Begin XCBuildConfiguration section */
		A3E99A8728D9B53100E58851 /* Debug */ = {
			isa = XCBuildConfiguration;
			buildSettings = {
				ALWAYS_SEARCH_USER_PATHS = NO;
				CLANG_ANALYZER_NONNULL = YES;
				CLANG_ANALYZER_NUMBER_OBJECT_CONVERSION = YES_AGGRESSIVE;
				CLANG_CXX_LANGUAGE_STANDARD = "gnu++20";
				CLANG_ENABLE_MODULES = YES;
				CLANG_ENABLE_OBJC_ARC = YES;
				CLANG_ENABLE_OBJC_WEAK = YES;
				CLANG_WARN_BLOCK_CAPTURE_AUTORELEASING = YES;
				CLANG_WARN_BOOL_CONVERSION = YES;
				CLANG_WARN_COMMA = YES;
				CLANG_WARN_CONSTANT_CONVERSION = YES;
				CLANG_WARN_DEPRECATED_OBJC_IMPLEMENTATIONS = YES;
				CLANG_WARN_DIRECT_OBJC_ISA_USAGE = YES_ERROR;
				CLANG_WARN_DOCUMENTATION_COMMENTS = YES;
				CLANG_WARN_EMPTY_BODY = YES;
				CLANG_WARN_ENUM_CONVERSION = YES;
				CLANG_WARN_INFINITE_RECURSION = YES;
				CLANG_WARN_INT_CONVERSION = YES;
				CLANG_WARN_NON_LITERAL_NULL_CONVERSION = YES;
				CLANG_WARN_OBJC_IMPLICIT_RETAIN_SELF = YES;
				CLANG_WARN_OBJC_LITERAL_CONVERSION = YES;
				CLANG_WARN_OBJC_ROOT_CLASS = YES_ERROR;
				CLANG_WARN_QUOTED_INCLUDE_IN_FRAMEWORK_HEADER = YES;
				CLANG_WARN_RANGE_LOOP_ANALYSIS = YES;
				CLANG_WARN_STRICT_PROTOTYPES = YES;
				CLANG_WARN_SUSPICIOUS_MOVE = YES;
				CLANG_WARN_UNGUARDED_AVAILABILITY = YES_AGGRESSIVE;
				CLANG_WARN_UNREACHABLE_CODE = YES;
				CLANG_WARN__DUPLICATE_METHOD_MATCH = YES;
				COPY_PHASE_STRIP = NO;
				DEBUG_INFORMATION_FORMAT = dwarf;
				ENABLE_STRICT_OBJC_MSGSEND = YES;
				ENABLE_TESTABILITY = YES;
				GCC_C_LANGUAGE_STANDARD = gnu11;
				GCC_DYNAMIC_NO_PIC = NO;
				GCC_NO_COMMON_BLOCKS = YES;
				GCC_OPTIMIZATION_LEVEL = 0;
				GCC_PREPROCESSOR_DEFINITIONS = (
					"DEBUG=1",
					"$(inherited)",
				);
				GCC_WARN_64_TO_32_BIT_CONVERSION = YES;
				GCC_WARN_ABOUT_RETURN_TYPE = YES_ERROR;
				GCC_WARN_UNDECLARED_SELECTOR = YES;
				GCC_WARN_UNINITIALIZED_AUTOS = YES_AGGRESSIVE;
				GCC_WARN_UNUSED_FUNCTION = YES;
				GCC_WARN_UNUSED_VARIABLE = YES;
				IPHONEOS_DEPLOYMENT_TARGET = 16.0;
				MTL_ENABLE_DEBUG_INFO = INCLUDE_SOURCE;
				MTL_FAST_MATH = YES;
				ONLY_ACTIVE_ARCH = YES;
				SDKROOT = iphoneos;
				SWIFT_ACTIVE_COMPILATION_CONDITIONS = DEBUG;
				SWIFT_OPTIMIZATION_LEVEL = "-Onone";
			};
			name = Debug;
		};
		A3E99A8828D9B53100E58851 /* Release */ = {
			isa = XCBuildConfiguration;
			buildSettings = {
				ALWAYS_SEARCH_USER_PATHS = NO;
				CLANG_ANALYZER_NONNULL = YES;
				CLANG_ANALYZER_NUMBER_OBJECT_CONVERSION = YES_AGGRESSIVE;
				CLANG_CXX_LANGUAGE_STANDARD = "gnu++20";
				CLANG_ENABLE_MODULES = YES;
				CLANG_ENABLE_OBJC_ARC = YES;
				CLANG_ENABLE_OBJC_WEAK = YES;
				CLANG_WARN_BLOCK_CAPTURE_AUTORELEASING = YES;
				CLANG_WARN_BOOL_CONVERSION = YES;
				CLANG_WARN_COMMA = YES;
				CLANG_WARN_CONSTANT_CONVERSION = YES;
				CLANG_WARN_DEPRECATED_OBJC_IMPLEMENTATIONS = YES;
				CLANG_WARN_DIRECT_OBJC_ISA_USAGE = YES_ERROR;
				CLANG_WARN_DOCUMENTATION_COMMENTS = YES;
				CLANG_WARN_EMPTY_BODY = YES;
				CLANG_WARN_ENUM_CONVERSION = YES;
				CLANG_WARN_INFINITE_RECURSION = YES;
				CLANG_WARN_INT_CONVERSION = YES;
				CLANG_WARN_NON_LITERAL_NULL_CONVERSION = YES;
				CLANG_WARN_OBJC_IMPLICIT_RETAIN_SELF = YES;
				CLANG_WARN_OBJC_LITERAL_CONVERSION = YES;
				CLANG_WARN_OBJC_ROOT_CLASS = YES_ERROR;
				CLANG_WARN_QUOTED_INCLUDE_IN_FRAMEWORK_HEADER = YES;
				CLANG_WARN_RANGE_LOOP_ANALYSIS = YES;
				CLANG_WARN_STRICT_PROTOTYPES = YES;
				CLANG_WARN_SUSPICIOUS_MOVE = YES;
				CLANG_WARN_UNGUARDED_AVAILABILITY = YES_AGGRESSIVE;
				CLANG_WARN_UNREACHABLE_CODE = YES;
				CLANG_WARN__DUPLICATE_METHOD_MATCH = YES;
				COPY_PHASE_STRIP = NO;
				DEBUG_INFORMATION_FORMAT = "dwarf-with-dsym";
				ENABLE_NS_ASSERTIONS = NO;
				ENABLE_STRICT_OBJC_MSGSEND = YES;
				GCC_C_LANGUAGE_STANDARD = gnu11;
				GCC_NO_COMMON_BLOCKS = YES;
				GCC_WARN_64_TO_32_BIT_CONVERSION = YES;
				GCC_WARN_ABOUT_RETURN_TYPE = YES_ERROR;
				GCC_WARN_UNDECLARED_SELECTOR = YES;
				GCC_WARN_UNINITIALIZED_AUTOS = YES_AGGRESSIVE;
				GCC_WARN_UNUSED_FUNCTION = YES;
				GCC_WARN_UNUSED_VARIABLE = YES;
				IPHONEOS_DEPLOYMENT_TARGET = 16.0;
				MTL_ENABLE_DEBUG_INFO = NO;
				MTL_FAST_MATH = YES;
				SDKROOT = iphoneos;
				SWIFT_COMPILATION_MODE = wholemodule;
				SWIFT_OPTIMIZATION_LEVEL = "-O";
				VALIDATE_PRODUCT = YES;
			};
			name = Release;
		};
		A3E99A8A28D9B53100E58851 /* Debug */ = {
			isa = XCBuildConfiguration;
			buildSettings = {
				ASSETCATALOG_COMPILER_APPICON_NAME = AppIcon;
				ASSETCATALOG_COMPILER_GLOBAL_ACCENT_COLOR_NAME = AccentColor;
				CODE_SIGN_STYLE = Automatic;
				CURRENT_PROJECT_VERSION = 1;
				GENERATE_INFOPLIST_FILE = YES;
				INFOPLIST_FILE = IOS_HW_1/Info.plist;
				INFOPLIST_KEY_UIApplicationSupportsIndirectInputEvents = YES;
				INFOPLIST_KEY_UILaunchStoryboardName = LaunchScreen;
				INFOPLIST_KEY_UIMainStoryboardFile = Main;
				INFOPLIST_KEY_UISupportedInterfaceOrientations_iPad = "UIInterfaceOrientationPortrait UIInterfaceOrientationPortraitUpsideDown UIInterfaceOrientationLandscapeLeft UIInterfaceOrientationLandscapeRight";
				INFOPLIST_KEY_UISupportedInterfaceOrientations_iPhone = "UIInterfaceOrientationPortrait UIInterfaceOrientationLandscapeLeft UIInterfaceOrientationLandscapeRight";
				LD_RUNPATH_SEARCH_PATHS = (
					"$(inherited)",
					"@executable_path/Frameworks",
				);
				MARKETING_VERSION = 1.0;
				PRODUCT_BUNDLE_IDENTIFIER = "hse.IOS-HW-1";
				PRODUCT_NAME = "$(TARGET_NAME)";
				SWIFT_EMIT_LOC_STRINGS = YES;
				SWIFT_VERSION = 5.0;
				TARGETED_DEVICE_FAMILY = "1,2";
			};
			name = Debug;
		};
		A3E99A8B28D9B53100E58851 /* Release */ = {
			isa = XCBuildConfiguration;
			buildSettings = {
				ASSETCATALOG_COMPILER_APPICON_NAME = AppIcon;
				ASSETCATALOG_COMPILER_GLOBAL_ACCENT_COLOR_NAME = AccentColor;
				CODE_SIGN_STYLE = Automatic;
				CURRENT_PROJECT_VERSION = 1;
				GENERATE_INFOPLIST_FILE = YES;
				INFOPLIST_FILE = IOS_HW_1/Info.plist;
				INFOPLIST_KEY_UIApplicationSupportsIndirectInputEvents = YES;
				INFOPLIST_KEY_UILaunchStoryboardName = LaunchScreen;
				INFOPLIST_KEY_UIMainStoryboardFile = Main;
				INFOPLIST_KEY_UISupportedInterfaceOrientations_iPad = "UIInterfaceOrientationPortrait UIInterfaceOrientationPortraitUpsideDown UIInterfaceOrientationLandscapeLeft UIInterfaceOrientationLandscapeRight";
				INFOPLIST_KEY_UISupportedInterfaceOrientations_iPhone = "UIInterfaceOrientationPortrait UIInterfaceOrientationLandscapeLeft UIInterfaceOrientationLandscapeRight";
				LD_RUNPATH_SEARCH_PATHS = (
					"$(inherited)",
					"@executable_path/Frameworks",
				);
				MARKETING_VERSION = 1.0;
				PRODUCT_BUNDLE_IDENTIFIER = "hse.IOS-HW-1";
				PRODUCT_NAME = "$(TARGET_NAME)";
				SWIFT_EMIT_LOC_STRINGS = YES;
				SWIFT_VERSION = 5.0;
				TARGETED_DEVICE_FAMILY = "1,2";
			};
			name = Release;
		};
		A3E99A8D28D9B53100E58851 /* Debug */ = {
			isa = XCBuildConfiguration;
			buildSettings = {
				ALWAYS_EMBED_SWIFT_STANDARD_LIBRARIES = YES;
				BUNDLE_LOADER = "$(TEST_HOST)";
				CODE_SIGN_STYLE = Automatic;
				CURRENT_PROJECT_VERSION = 1;
				GENERATE_INFOPLIST_FILE = YES;
				IPHONEOS_DEPLOYMENT_TARGET = 16.0;
				MARKETING_VERSION = 1.0;
				PRODUCT_BUNDLE_IDENTIFIER = "hse.IOS-HW-1Tests";
				PRODUCT_NAME = "$(TARGET_NAME)";
				SWIFT_EMIT_LOC_STRINGS = NO;
				SWIFT_VERSION = 5.0;
				TARGETED_DEVICE_FAMILY = "1,2";
				TEST_HOST = "$(BUILT_PRODUCTS_DIR)/IOS_HW_1.app/$(BUNDLE_EXECUTABLE_FOLDER_PATH)/IOS_HW_1";
			};
			name = Debug;
		};
		A3E99A8E28D9B53100E58851 /* Release */ = {
			isa = XCBuildConfiguration;
			buildSettings = {
				ALWAYS_EMBED_SWIFT_STANDARD_LIBRARIES = YES;
				BUNDLE_LOADER = "$(TEST_HOST)";
				CODE_SIGN_STYLE = Automatic;
				CURRENT_PROJECT_VERSION = 1;
				GENERATE_INFOPLIST_FILE = YES;
				IPHONEOS_DEPLOYMENT_TARGET = 16.0;
				MARKETING_VERSION = 1.0;
				PRODUCT_BUNDLE_IDENTIFIER = "hse.IOS-HW-1Tests";
				PRODUCT_NAME = "$(TARGET_NAME)";
				SWIFT_EMIT_LOC_STRINGS = NO;
				SWIFT_VERSION = 5.0;
				TARGETED_DEVICE_FAMILY = "1,2";
				TEST_HOST = "$(BUILT_PRODUCTS_DIR)/IOS_HW_1.app/$(BUNDLE_EXECUTABLE_FOLDER_PATH)/IOS_HW_1";
			};
			name = Release;
		};
		A3E99A9028D9B53100E58851 /* Debug */ = {
			isa = XCBuildConfiguration;
			buildSettings = {
				ALWAYS_EMBED_SWIFT_STANDARD_LIBRARIES = YES;
				CODE_SIGN_STYLE = Automatic;
				CURRENT_PROJECT_VERSION = 1;
				GENERATE_INFOPLIST_FILE = YES;
				MARKETING_VERSION = 1.0;
				PRODUCT_BUNDLE_IDENTIFIER = "hse.IOS-HW-1UITests";
				PRODUCT_NAME = "$(TARGET_NAME)";
				SWIFT_EMIT_LOC_STRINGS = NO;
				SWIFT_VERSION = 5.0;
				TARGETED_DEVICE_FAMILY = "1,2";
				TEST_TARGET_NAME = IOS_HW_1;
			};
			name = Debug;
		};
		A3E99A9128D9B53100E58851 /* Release */ = {
			isa = XCBuildConfiguration;
			buildSettings = {
				ALWAYS_EMBED_SWIFT_STANDARD_LIBRARIES = YES;
				CODE_SIGN_STYLE = Automatic;
				CURRENT_PROJECT_VERSION = 1;
				GENERATE_INFOPLIST_FILE = YES;
				MARKETING_VERSION = 1.0;
				PRODUCT_BUNDLE_IDENTIFIER = "hse.IOS-HW-1UITests";
				PRODUCT_NAME = "$(TARGET_NAME)";
				SWIFT_EMIT_LOC_STRINGS = NO;
				SWIFT_VERSION = 5.0;
				TARGETED_DEVICE_FAMILY = "1,2";
				TEST_TARGET_NAME = IOS_HW_1;
			};
			name = Release;
		};
/* End XCBuildConfiguration section */

/* Begin XCConfigurationList section */
		A3E99A5A28D9B53000E58851 /* Build configuration list for PBXProject "IOS_HW_1" */ = {
			isa = XCConfigurationList;
			buildConfigurations = (
				A3E99A8728D9B53100E58851 /* Debug */,
				A3E99A8828D9B53100E58851 /* Release */,
			);
			defaultConfigurationIsVisible = 0;
			defaultConfigurationName = Release;
		};
		A3E99A8928D9B53100E58851 /* Build configuration list for PBXNativeTarget "IOS_HW_1" */ = {
			isa = XCConfigurationList;
			buildConfigurations = (
				A3E99A8A28D9B53100E58851 /* Debug */,
				A3E99A8B28D9B53100E58851 /* Release */,
			);
			defaultConfigurationIsVisible = 0;
			defaultConfigurationName = Release;
		};
		A3E99A8C28D9B53100E58851 /* Build configuration list for PBXNativeTarget "IOS_HW_1Tests" */ = {
			isa = XCConfigurationList;
			buildConfigurations = (
				A3E99A8D28D9B53100E58851 /* Debug */,
				A3E99A8E28D9B53100E58851 /* Release */,
			);
			defaultConfigurationIsVisible = 0;
			defaultConfigurationName = Release;
		};
		A3E99A8F28D9B53100E58851 /* Build configuration list for PBXNativeTarget "IOS_HW_1UITests" */ = {
			isa = XCConfigurationList;
			buildConfigurations = (
				A3E99A9028D9B53100E58851 /* Debug */,
				A3E99A9128D9B53100E58851 /* Release */,
			);
			defaultConfigurationIsVisible = 0;
			defaultConfigurationName = Release;
		};
/* End XCConfigurationList section */
	};
	rootObject = A3E99A5728D9B53000E58851 /* Project object */;
}
